
Microsoft Visual Studio Solution File, Format Version 12.00
# Visual Studio Version 16
VisualStudioVersion = 16.0.30907.101
MinimumVisualStudioVersion = 10.0.40219.1
Project("{9A19103F-16F7-4668-BE54-9A1E7A4F7556}") = "Patient_GUI", "Patient_GUI\Patient_GUI.csproj", "{12D6622E-A6A4-4804-943C-F6EA98BBAC4E}"
EndProject
Project("{9A19103F-16F7-4668-BE54-9A1E7A4F7556}") = "Data_Layer", "Data_Layer\Data_Layer.csproj", "{F3EFE1AF-EA59-490B-831E-FC13FE55AE91}"
EndProject
Project("{9A19103F-16F7-4668-BE54-9A1E7A4F7556}") = "Logic_Layer", "Logic_Layer\Logic_Layer.csproj", "{0D28811B-7B83-47D8-A581-DB2D551BBF0F}"
EndProject
Project("{FAE04EC0-301F-11D3-BF4B-00C04F79EFBC}") = "DTO", "DTO\DTO.csproj", "{9D10D9AD-2976-4DB1-8096-960FFA17FFC8}"
EndProject
Global
	GlobalSection(SolutionConfigurationPlatforms) = preSolution
		Debug|Any CPU = Debug|Any CPU
		Release|Any CPU = Release|Any CPU
	EndGlobalSection
	GlobalSection(ProjectConfigurationPlatforms) = postSolution
		{12D6622E-A6A4-4804-943C-F6EA98BBAC4E}.Debug|Any CPU.ActiveCfg = Debug|Any CPU
		{12D6622E-A6A4-4804-943C-F6EA98BBAC4E}.Debug|Any CPU.Build.0 = Debug|Any CPU
		{12D6622E-A6A4-4804-943C-F6EA98BBAC4E}.Release|Any CPU.ActiveCfg = Release|Any CPU
		{12D6622E-A6A4-4804-943C-F6EA98BBAC4E}.Release|Any CPU.Build.0 = Release|Any CPU
		{F3EFE1AF-EA59-490B-831E-FC13FE55AE91}.Debug|Any CPU.ActiveCfg = Debug|Any CPU
		{F3EFE1AF-EA59-490B-831E-FC13FE55AE91}.Debug|Any CPU.Build.0 = Debug|Any CPU
		{F3EFE1AF-EA59-490B-831E-FC13FE55AE91}.Release|Any CPU.ActiveCfg = Release|Any CPU
		{F3EFE1AF-EA59-490B-831E-FC13FE55AE91}.Release|Any CPU.Build.0 = Release|Any CPU
		{0D28811B-7B83-47D8-A581-DB2D551BBF0F}.Debug|Any CPU.ActiveCfg = Debug|Any CPU
		{0D28811B-7B83-47D8-A581-DB2D551BBF0F}.Debug|Any CPU.Build.0 = Debug|Any CPU
		{0D28811B-7B83-47D8-A581-DB2D551BBF0F}.Release|Any CPU.ActiveCfg = Release|Any CPU
		{0D28811B-7B83-47D8-A581-DB2D551BBF0F}.Release|Any CPU.Build.0 = Release|Any CPU
		{9D10D9AD-2976-4DB1-8096-960FFA17FFC8}.Debug|Any CPU.ActiveCfg = Debug|Any CPU
		{9D10D9AD-2976-4DB1-8096-960FFA17FFC8}.Debug|Any CPU.Build.0 = Debug|Any CPU
		{9D10D9AD-2976-4DB1-8096-960FFA17FFC8}.Release|Any CPU.ActiveCfg = Release|Any CPU
		{9D10D9AD-2976-4DB1-8096-960FFA17FFC8}.Release|Any CPU.Build.0 = Release|Any CPU
	EndGlobalSection
	GlobalSection(SolutionProperties) = preSolution
		HideSolutionNode = FALSE
	EndGlobalSection
	GlobalSection(ExtensibilityGlobals) = postSolution
		SolutionGuid = {AC8F2850-4A2B-4524-BEFD-B0CD63DEFB1E}
	EndGlobalSection
EndGlobal
